
Microsoft Visual Studio Solution File, Format Version 12.00
# Visual Studio 15
VisualStudioVersion = 15.0.28307.421
MinimumVisualStudioVersion = 10.0.40219.1
Project("{FAE04EC0-301F-11D3-BF4B-00C04F79EFBC}") = "Bookstore", "Bookstore\Bookstore.csproj", "{CA067455-99BA-44D1-A13F-1D659147C94A}"
EndProject
Global
	GlobalSection(SolutionConfigurationPlatforms) = preSolution
		Debug|Any CPU = Debug|Any CPU
		Release|Any CPU = Release|Any CPU
	EndGlobalSection
	GlobalSection(ProjectConfigurationPlatforms) = postSolution
		{CA067455-99BA-44D1-A13F-1D659147C94A}.Debug|Any CPU.ActiveCfg = Debug|Any CPU
		{CA067455-99BA-44D1-A13F-1D659147C94A}.Debug|Any CPU.Build.0 = Debug|Any CPU
		{CA067455-99BA-44D1-A13F-1D659147C94A}.Release|Any CPU.ActiveCfg = Release|Any CPU
		{CA067455-99BA-44D1-A13F-1D659147C94A}.Release|Any CPU.Build.0 = Release|Any CPU
	EndGlobalSection
	GlobalSection(SolutionProperties) = preSolution
		HideSolutionNode = FALSE
	EndGlobalSection
	GlobalSection(ExtensibilityGlobals) = postSolution
		SolutionGuid = {C564E92D-F7EA-4A3A-9B73-837B32BCAF79}
	EndGlobalSection
EndGlobal
